
Microsoft Visual Studio Solution File, Format Version 12.00
# Visual Studio Version 16
VisualStudioVersion = 16.0.29102.190
MinimumVisualStudioVersion = 10.0.40219.1
Project("{9A19103F-16F7-4668-BE54-9A1E7A4F7556}") = "Battleships.Core", "Battleships.Core\Battleships.Core.csproj", "{896E5008-96D5-44C9-9273-8460E4DCA7C7}"
EndProject
Project("{9A19103F-16F7-4668-BE54-9A1E7A4F7556}") = "Battleships.Core.Tests", "Battleships.Core.Tests\Battleships.Core.Tests.csproj", "{4B79DD72-81FD-40DD-B3A5-084A648887B9}"
EndProject
Project("{9A19103F-16F7-4668-BE54-9A1E7A4F7556}") = "Battleships.UI.ConsoleUI", "Battleships.UI.ConsoleUI\Battleships.UI.ConsoleUI.csproj", "{A0BD628C-CDDB-42E9-92F7-C58371355282}"
EndProject
Project("{2150E333-8FDC-42A3-9474-1A3956D46DE8}") = "Solution Items", "Solution Items", "{658E523D-4FBC-4ECE-BC46-0BD18A685364}"
	ProjectSection(SolutionItems) = preProject
		README.md = README.md
	EndProjectSection
EndProject
Global
	GlobalSection(SolutionConfigurationPlatforms) = preSolution
		Debug|Any CPU = Debug|Any CPU
		Release|Any CPU = Release|Any CPU
	EndGlobalSection
	GlobalSection(ProjectConfigurationPlatforms) = postSolution
		{896E5008-96D5-44C9-9273-8460E4DCA7C7}.Debug|Any CPU.ActiveCfg = Debug|Any CPU
		{896E5008-96D5-44C9-9273-8460E4DCA7C7}.Debug|Any CPU.Build.0 = Debug|Any CPU
		{896E5008-96D5-44C9-9273-8460E4DCA7C7}.Release|Any CPU.ActiveCfg = Release|Any CPU
		{896E5008-96D5-44C9-9273-8460E4DCA7C7}.Release|Any CPU.Build.0 = Release|Any CPU
		{4B79DD72-81FD-40DD-B3A5-084A648887B9}.Debug|Any CPU.ActiveCfg = Debug|Any CPU
		{4B79DD72-81FD-40DD-B3A5-084A648887B9}.Debug|Any CPU.Build.0 = Debug|Any CPU
		{4B79DD72-81FD-40DD-B3A5-084A648887B9}.Release|Any CPU.ActiveCfg = Release|Any CPU
		{4B79DD72-81FD-40DD-B3A5-084A648887B9}.Release|Any CPU.Build.0 = Release|Any CPU
		{A0BD628C-CDDB-42E9-92F7-C58371355282}.Debug|Any CPU.ActiveCfg = Debug|Any CPU
		{A0BD628C-CDDB-42E9-92F7-C58371355282}.Debug|Any CPU.Build.0 = Debug|Any CPU
		{A0BD628C-CDDB-42E9-92F7-C58371355282}.Release|Any CPU.ActiveCfg = Release|Any CPU
		{A0BD628C-CDDB-42E9-92F7-C58371355282}.Release|Any CPU.Build.0 = Release|Any CPU
	EndGlobalSection
	GlobalSection(SolutionProperties) = preSolution
		HideSolutionNode = FALSE
	EndGlobalSection
	GlobalSection(ExtensibilityGlobals) = postSolution
		SolutionGuid = {DD0369E0-A3EB-4DA1-A418-9CBD343E0B13}
	EndGlobalSection
EndGlobal
